
Microsoft Visual Studio Solution File, Format Version 12.00
# Visual Studio 15
VisualStudioVersion = 15.0.28010.2050
MinimumVisualStudioVersion = 10.0.40219.1
Project("{FAE04EC0-301F-11D3-BF4B-00C04F79EFBC}") = "RazorWebApp", "RazorWebApp\RazorWebApp.csproj", "{D9CBCCF7-A68E-4596-97C5-D219B1C3CFA4}"
EndProject
Global
	GlobalSection(SolutionConfigurationPlatforms) = preSolution
		Debug|Any CPU = Debug|Any CPU
		Release|Any CPU = Release|Any CPU
	EndGlobalSection
	GlobalSection(ProjectConfigurationPlatforms) = postSolution
		{D9CBCCF7-A68E-4596-97C5-D219B1C3CFA4}.Debug|Any CPU.ActiveCfg = Debug|Any CPU
		{D9CBCCF7-A68E-4596-97C5-D219B1C3CFA4}.Debug|Any CPU.Build.0 = Debug|Any CPU
		{D9CBCCF7-A68E-4596-97C5-D219B1C3CFA4}.Release|Any CPU.ActiveCfg = Release|Any CPU
		{D9CBCCF7-A68E-4596-97C5-D219B1C3CFA4}.Release|Any CPU.Build.0 = Release|Any CPU
	EndGlobalSection
	GlobalSection(SolutionProperties) = preSolution
		HideSolutionNode = FALSE
	EndGlobalSection
	GlobalSection(ExtensibilityGlobals) = postSolution
		SolutionGuid = {B4EB5FBF-ABC5-40C8-BDA2-0903F591817B}
	EndGlobalSection
EndGlobal
